
Microsoft Visual Studio Solution File, Format Version 12.00
# Visual Studio Version 17
VisualStudioVersion = 17.1.32228.430
MinimumVisualStudioVersion = 10.0.40219.1
Project("{FAE04EC0-301F-11D3-BF4B-00C04F79EFBC}") = "Hello.World", "Hello.World\Hello.World.csproj", "{D66CF9D9-6AC7-4DD5-BA83-7F0CE82A2CB6}"
EndProject
Global
	GlobalSection(SolutionConfigurationPlatforms) = preSolution
		Debug|Any CPU = Debug|Any CPU
		Release|Any CPU = Release|Any CPU
	EndGlobalSection
	GlobalSection(ProjectConfigurationPlatforms) = postSolution
		{D66CF9D9-6AC7-4DD5-BA83-7F0CE82A2CB6}.Debug|Any CPU.ActiveCfg = Debug|Any CPU
		{D66CF9D9-6AC7-4DD5-BA83-7F0CE82A2CB6}.Debug|Any CPU.Build.0 = Debug|Any CPU
		{D66CF9D9-6AC7-4DD5-BA83-7F0CE82A2CB6}.Release|Any CPU.ActiveCfg = Release|Any CPU
		{D66CF9D9-6AC7-4DD5-BA83-7F0CE82A2CB6}.Release|Any CPU.Build.0 = Release|Any CPU
	EndGlobalSection
	GlobalSection(SolutionProperties) = preSolution
		HideSolutionNode = FALSE
	EndGlobalSection
	GlobalSection(ExtensibilityGlobals) = postSolution
		SolutionGuid = {F46860BA-06A6-4953-AAFD-2F5C177F5942}
	EndGlobalSection
EndGlobal
